
Microsoft Visual Studio Solution File, Format Version 12.00
# Visual Studio Version 17
VisualStudioVersion = 17.0.31903.59
MinimumVisualStudioVersion = 10.0.40219.1
Project("{FAE04EC0-301F-11D3-BF4B-00C04F79EFBC}") = "Bank.WebApi", "Bank.WebApi\Bank.WebApi.csproj", "{115D1088-E924-4955-933E-0CE4F0595145}"
EndProject
Project("{FAE04EC0-301F-11D3-BF4B-00C04F79EFBC}") = "Bank.Domain", "Bank.Domain\Bank.Domain.csproj", "{0EF2089B-3126-4E70-8179-B4F1BC21D36E}"
EndProject
Project("{FAE04EC0-301F-11D3-BF4B-00C04F79EFBC}") = "Bank.WebApi.Tests", "Bank.WebApi.Tests\Bank.WebApi.Tests.csproj", "{EE516470-EDEE-4633-91AF-7FDAC9D89095}"
EndProject
Global
	GlobalSection(SolutionConfigurationPlatforms) = preSolution
		Debug|Any CPU = Debug|Any CPU
		Debug|x64 = Debug|x64
		Debug|x86 = Debug|x86
		Release|Any CPU = Release|Any CPU
		Release|x64 = Release|x64
		Release|x86 = Release|x86
	EndGlobalSection
	GlobalSection(ProjectConfigurationPlatforms) = postSolution
		{115D1088-E924-4955-933E-0CE4F0595145}.Debug|Any CPU.ActiveCfg = Debug|Any CPU
		{115D1088-E924-4955-933E-0CE4F0595145}.Debug|Any CPU.Build.0 = Debug|Any CPU
		{115D1088-E924-4955-933E-0CE4F0595145}.Debug|x64.ActiveCfg = Debug|Any CPU
		{115D1088-E924-4955-933E-0CE4F0595145}.Debug|x64.Build.0 = Debug|Any CPU
		{115D1088-E924-4955-933E-0CE4F0595145}.Debug|x86.ActiveCfg = Debug|Any CPU
		{115D1088-E924-4955-933E-0CE4F0595145}.Debug|x86.Build.0 = Debug|Any CPU
		{115D1088-E924-4955-933E-0CE4F0595145}.Release|Any CPU.ActiveCfg = Release|Any CPU
		{115D1088-E924-4955-933E-0CE4F0595145}.Release|Any CPU.Build.0 = Release|Any CPU
		{115D1088-E924-4955-933E-0CE4F0595145}.Release|x64.ActiveCfg = Release|Any CPU
		{115D1088-E924-4955-933E-0CE4F0595145}.Release|x64.Build.0 = Release|Any CPU
		{115D1088-E924-4955-933E-0CE4F0595145}.Release|x86.ActiveCfg = Release|Any CPU
		{115D1088-E924-4955-933E-0CE4F0595145}.Release|x86.Build.0 = Release|Any CPU
		{0EF2089B-3126-4E70-8179-B4F1BC21D36E}.Debug|Any CPU.ActiveCfg = Debug|Any CPU
		{0EF2089B-3126-4E70-8179-B4F1BC21D36E}.Debug|Any CPU.Build.0 = Debug|Any CPU
		{0EF2089B-3126-4E70-8179-B4F1BC21D36E}.Debug|x64.ActiveCfg = Debug|Any CPU
		{0EF2089B-3126-4E70-8179-B4F1BC21D36E}.Debug|x64.Build.0 = Debug|Any CPU
		{0EF2089B-3126-4E70-8179-B4F1BC21D36E}.Debug|x86.ActiveCfg = Debug|Any CPU
		{0EF2089B-3126-4E70-8179-B4F1BC21D36E}.Debug|x86.Build.0 = Debug|Any CPU
		{0EF2089B-3126-4E70-8179-B4F1BC21D36E}.Release|Any CPU.ActiveCfg = Release|Any CPU
		{0EF2089B-3126-4E70-8179-B4F1BC21D36E}.Release|Any CPU.Build.0 = Release|Any CPU
		{0EF2089B-3126-4E70-8179-B4F1BC21D36E}.Release|x64.ActiveCfg = Release|Any CPU
		{0EF2089B-3126-4E70-8179-B4F1BC21D36E}.Release|x64.Build.0 = Release|Any CPU
		{0EF2089B-3126-4E70-8179-B4F1BC21D36E}.Release|x86.ActiveCfg = Release|Any CPU
		{0EF2089B-3126-4E70-8179-B4F1BC21D36E}.Release|x86.Build.0 = Release|Any CPU
		{EE516470-EDEE-4633-91AF-7FDAC9D89095}.Debug|Any CPU.ActiveCfg = Debug|Any CPU
		{EE516470-EDEE-4633-91AF-7FDAC9D89095}.Debug|Any CPU.Build.0 = Debug|Any CPU
		{EE516470-EDEE-4633-91AF-7FDAC9D89095}.Debug|x64.ActiveCfg = Debug|Any CPU
		{EE516470-EDEE-4633-91AF-7FDAC9D89095}.Debug|x64.Build.0 = Debug|Any CPU
		{EE516470-EDEE-4633-91AF-7FDAC9D89095}.Debug|x86.ActiveCfg = Debug|Any CPU
		{EE516470-EDEE-4633-91AF-7FDAC9D89095}.Debug|x86.Build.0 = Debug|Any CPU
		{EE516470-EDEE-4633-91AF-7FDAC9D89095}.Release|Any CPU.ActiveCfg = Release|Any CPU
		{EE516470-EDEE-4633-91AF-7FDAC9D89095}.Release|Any CPU.Build.0 = Release|Any CPU
		{EE516470-EDEE-4633-91AF-7FDAC9D89095}.Release|x64.ActiveCfg = Release|Any CPU
		{EE516470-EDEE-4633-91AF-7FDAC9D89095}.Release|x64.Build.0 = Release|Any CPU
		{EE516470-EDEE-4633-91AF-7FDAC9D89095}.Release|x86.ActiveCfg = Release|Any CPU
		{EE516470-EDEE-4633-91AF-7FDAC9D89095}.Release|x86.Build.0 = Release|Any CPU
	EndGlobalSection
	GlobalSection(SolutionProperties) = preSolution
		HideSolutionNode = FALSE
	EndGlobalSection
EndGlobal
